// !$*UTF8*$!
{
	archiveVersion = 1;
	classes = {
	};
	objectVersion = 56;
	objects = {

/* Begin PBXBuildFile section */
		22FA03DA29B09B890077CC2E /* AppDelegate.swift in Sources */ = {isa = PBXBuildFile; fileRef = 22FA03D929B09B890077CC2E /* AppDelegate.swift */; };
		22FA03DE29B09B890077CC2E /* ViewController.swift in Sources */ = {isa = PBXBuildFile; fileRef = 22FA03DD29B09B890077CC2E /* ViewController.swift */; };
		22FA03E329B09B8C0077CC2E /* Assets.xcassets in Resources */ = {isa = PBXBuildFile; fileRef = 22FA03E229B09B8C0077CC2E /* Assets.xcassets */; };
		22FA03E629B09B8C0077CC2E /* LaunchScreen.storyboard in Resources */ = {isa = PBXBuildFile; fileRef = 22FA03E429B09B8C0077CC2E /* LaunchScreen.storyboard */; };
		D273AFE4B731623E1DE3CAAB /* Pods_design_patterns_swift.framework in Frameworks */ = {isa = PBXBuildFile; fileRef = 13D40A76219774B4792BAB05 /* Pods_design_patterns_swift.framework */; };
/* End PBXBuildFile section */

/* Begin PBXFileReference section */
		13D40A76219774B4792BAB05 /* Pods_design_patterns_swift.framework */ = {isa = PBXFileReference; explicitFileType = wrapper.framework; includeInIndex = 0; path = Pods_design_patterns_swift.framework; sourceTree = BUILT_PRODUCTS_DIR; };
		1CA4557EB4A18593F3671D8B /* Pods-design patterns swift.release.xcconfig */ = {isa = PBXFileReference; includeInIndex = 1; lastKnownFileType = text.xcconfig; name = "Pods-design patterns swift.release.xcconfig"; path = "Target Support Files/Pods-design patterns swift/Pods-design patterns swift.release.xcconfig"; sourceTree = "<group>"; };
		22FA03D629B09B890077CC2E /* design patterns swift.app */ = {isa = PBXFileReference; explicitFileType = wrapper.application; includeInIndex = 0; path = "design patterns swift.app"; sourceTree = BUILT_PRODUCTS_DIR; };
		22FA03D929B09B890077CC2E /* AppDelegate.swift */ = {isa = PBXFileReference; lastKnownFileType = sourcecode.swift; path = AppDelegate.swift; sourceTree = "<group>"; };
		22FA03DD29B09B890077CC2E /* ViewController.swift */ = {isa = PBXFileReference; lastKnownFileType = sourcecode.swift; path = ViewController.swift; sourceTree = "<group>"; };
		22FA03E229B09B8C0077CC2E /* Assets.xcassets */ = {isa = PBXFileReference; lastKnownFileType = folder.assetcatalog; path = Assets.xcassets; sourceTree = "<group>"; };
		22FA03E529B09B8C0077CC2E /* Base */ = {isa = PBXFileReference; lastKnownFileType = file.storyboard; name = Base; path = Base.lproj/LaunchScreen.storyboard; sourceTree = "<group>"; };
		22FA03E729B09B8C0077CC2E /* Info.plist */ = {isa = PBXFileReference; lastKnownFileType = text.plist.xml; path = Info.plist; sourceTree = "<group>"; };
		BE4315200485828B59B8A1C9 /* Pods-design patterns swift.debug.xcconfig */ = {isa = PBXFileReference; includeInIndex = 1; lastKnownFileType = text.xcconfig; name = "Pods-design patterns swift.debug.xcconfig"; path = "Target Support Files/Pods-design patterns swift/Pods-design patterns swift.debug.xcconfig"; sourceTree = "<group>"; };
/* End PBXFileReference section */

/* Begin PBXFrameworksBuildPhase section */
		22FA03D329B09B890077CC2E /* Frameworks */ = {
			isa = PBXFrameworksBuildPhase;
			buildActionMask = 2147483647;
			files = (
				D273AFE4B731623E1DE3CAAB /* Pods_design_patterns_swift.framework in Frameworks */,
			);
			runOnlyForDeploymentPostprocessing = 0;
		};
/* End PBXFrameworksBuildPhase section */

/* Begin PBXGroup section */
		22A8495329B22F64000F15A3 /* MVC */ = {
			isa = PBXGroup;
			children = (
				22FA03DD29B09B890077CC2E /* ViewController.swift */,
			);
			path = MVC;
			sourceTree = "<group>";
		};
		22A8495429B22F71000F15A3 /* Patterns */ = {
			isa = PBXGroup;
			children = (
				22A8495329B22F64000F15A3 /* MVC */,
			);
			path = Patterns;
			sourceTree = "<group>";
		};
		22FA03CD29B09B890077CC2E = {
			isa = PBXGroup;
			children = (
				22FA03D829B09B890077CC2E /* design patterns swift */,
				22FA03D729B09B890077CC2E /* Products */,
				E7E84517D49438405C7530F4 /* Pods */,
				3814B578F77E6D2059B72256 /* Frameworks */,
			);
			sourceTree = "<group>";
		};
		22FA03D729B09B890077CC2E /* Products */ = {
			isa = PBXGroup;
			children = (
				22FA03D629B09B890077CC2E /* design patterns swift.app */,
			);
			name = Products;
			sourceTree = "<group>";
		};
		22FA03D829B09B890077CC2E /* design patterns swift */ = {
			isa = PBXGroup;
			children = (
				22A8495429B22F71000F15A3 /* Patterns */,
				22FA03ED29B09DE90077CC2E /* Base */,
			);
			path = "design patterns swift";
			sourceTree = "<group>";
		};
		22FA03ED29B09DE90077CC2E /* Base */ = {
			isa = PBXGroup;
			children = (
				22FA03E429B09B8C0077CC2E /* LaunchScreen.storyboard */,
				22FA03E229B09B8C0077CC2E /* Assets.xcassets */,
				22FA03D929B09B890077CC2E /* AppDelegate.swift */,
				22FA03E729B09B8C0077CC2E /* Info.plist */,
			);
			path = Base;
			sourceTree = "<group>";
		};
		3814B578F77E6D2059B72256 /* Frameworks */ = {
			isa = PBXGroup;
			children = (
				13D40A76219774B4792BAB05 /* Pods_design_patterns_swift.framework */,
			);
			name = Frameworks;
			sourceTree = "<group>";
		};
		E7E84517D49438405C7530F4 /* Pods */ = {
			isa = PBXGroup;
			children = (
				BE4315200485828B59B8A1C9 /* Pods-design patterns swift.debug.xcconfig */,
				1CA4557EB4A18593F3671D8B /* Pods-design patterns swift.release.xcconfig */,
			);
			path = Pods;
			sourceTree = "<group>";
		};
/* End PBXGroup section */

/* Begin PBXNativeTarget section */
		22FA03D529B09B890077CC2E /* design patterns swift */ = {
			isa = PBXNativeTarget;
			buildConfigurationList = 22FA03EA29B09B8C0077CC2E /* Build configuration list for PBXNativeTarget "design patterns swift" */;
			buildPhases = (
				BC3F02D36CF05550D7007B1F /* [CP] Check Pods Manifest.lock */,
				22FA03D229B09B890077CC2E /* Sources */,
				22FA03D329B09B890077CC2E /* Frameworks */,
				22FA03D429B09B890077CC2E /* Resources */,
				A59CD381FCF7C02EE0C3FEFC /* [CP] Embed Pods Frameworks */,
			);
			buildRules = (
			);
			dependencies = (
			);
			name = "design patterns swift";
			productName = "design patterns swift";
			productReference = 22FA03D629B09B890077CC2E /* design patterns swift.app */;
			productType = "com.apple.product-type.application";
		};
/* End PBXNativeTarget section */

/* Begin PBXProject section */
		22FA03CE29B09B890077CC2E /* Project object */ = {
			isa = PBXProject;
			attributes = {
				BuildIndependentTargetsInParallel = 1;
				LastSwiftUpdateCheck = 1430;
				LastUpgradeCheck = 1430;
				TargetAttributes = {
					22FA03D529B09B890077CC2E = {
						CreatedOnToolsVersion = 14.3;
					};
				};
			};
			buildConfigurationList = 22FA03D129B09B890077CC2E /* Build configuration list for PBXProject "design patterns swift" */;
			compatibilityVersion = "Xcode 14.0";
			developmentRegion = en;
			hasScannedForEncodings = 0;
			knownRegions = (
				en,
				Base,
			);
			mainGroup = 22FA03CD29B09B890077CC2E;
			productRefGroup = 22FA03D729B09B890077CC2E /* Products */;
			projectDirPath = "";
			projectRoot = "";
			targets = (
				22FA03D529B09B890077CC2E /* design patterns swift */,
			);
		};
/* End PBXProject section */

/* Begin PBXResourcesBuildPhase section */
		22FA03D429B09B890077CC2E /* Resources */ = {
			isa = PBXResourcesBuildPhase;
			buildActionMask = 2147483647;
			files = (
				22FA03E629B09B8C0077CC2E /* LaunchScreen.storyboard in Resources */,
				22FA03E329B09B8C0077CC2E /* Assets.xcassets in Resources */,
			);
			runOnlyForDeploymentPostprocessing = 0;
		};
/* End PBXResourcesBuildPhase section */

/* Begin PBXShellScriptBuildPhase section */
		A59CD381FCF7C02EE0C3FEFC /* [CP] Embed Pods Frameworks */ = {
			isa = PBXShellScriptBuildPhase;
			buildActionMask = 2147483647;
			files = (
			);
			inputFileListPaths = (
				"${PODS_ROOT}/Target Support Files/Pods-design patterns swift/Pods-design patterns swift-frameworks-${CONFIGURATION}-input-files.xcfilelist",
			);
			name = "[CP] Embed Pods Frameworks";
			outputFileListPaths = (
				"${PODS_ROOT}/Target Support Files/Pods-design patterns swift/Pods-design patterns swift-frameworks-${CONFIGURATION}-output-files.xcfilelist",
			);
			runOnlyForDeploymentPostprocessing = 0;
			shellPath = /bin/sh;
			shellScript = "\"${PODS_ROOT}/Target Support Files/Pods-design patterns swift/Pods-design patterns swift-frameworks.sh\"\n";
			showEnvVarsInLog = 0;
		};
		BC3F02D36CF05550D7007B1F /* [CP] Check Pods Manifest.lock */ = {
			isa = PBXShellScriptBuildPhase;
			buildActionMask = 2147483647;
			files = (
			);
			inputFileListPaths = (
			);
			inputPaths = (
				"${PODS_PODFILE_DIR_PATH}/Podfile.lock",
				"${PODS_ROOT}/Manifest.lock",
			);
			name = "[CP] Check Pods Manifest.lock";
			outputFileListPaths = (
			);
			outputPaths = (
				"$(DERIVED_FILE_DIR)/Pods-design patterns swift-checkManifestLockResult.txt",
			);
			runOnlyForDeploymentPostprocessing = 0;
			shellPath = /bin/sh;
			shellScript = "diff \"${PODS_PODFILE_DIR_PATH}/Podfile.lock\" \"${PODS_ROOT}/Manifest.lock\" > /dev/null\nif [ $? != 0 ] ; then\n    # print error to STDERR\n    echo \"error: The sandbox is not in sync with the Podfile.lock. Run 'pod install' or update your CocoaPods installation.\" >&2\n    exit 1\nfi\n# This output is used by Xcode 'outputs' to avoid re-running this script phase.\necho \"SUCCESS\" > \"${SCRIPT_OUTPUT_FILE_0}\"\n";
			showEnvVarsInLog = 0;
		};
/* End PBXShellScriptBuildPhase section */

/* Begin PBXSourcesBuildPhase section */
		22FA03D229B09B890077CC2E /* Sources */ = {
			isa = PBXSourcesBuildPhase;
			buildActionMask = 2147483647;
			files = (
				22FA03DE29B09B890077CC2E /* ViewController.swift in Sources */,
				22FA03DA29B09B890077CC2E /* AppDelegate.swift in Sources */,
			);
			runOnlyForDeploymentPostprocessing = 0;
		};
/* End PBXSourcesBuildPhase section */

/* Begin PBXVariantGroup section */
		22FA03E429B09B8C0077CC2E /* LaunchScreen.storyboard */ = {
			isa = PBXVariantGroup;
			children = (
				22FA03E529B09B8C0077CC2E /* Base */,
			);
			name = LaunchScreen.storyboard;
			sourceTree = "<group>";
		};
/* End PBXVariantGroup section */

/* Begin XCBuildConfiguration section */
		22FA03E829B09B8C0077CC2E /* Debug */ = {
			isa = XCBuildConfiguration;
			buildSettings = {
				ALWAYS_SEARCH_USER_PATHS = NO;
				CLANG_ANALYZER_NONNULL = YES;
				CLANG_ANALYZER_NUMBER_OBJECT_CONVERSION = YES_AGGRESSIVE;
				CLANG_CXX_LANGUAGE_STANDARD = "gnu++20";
				CLANG_ENABLE_MODULES = YES;
				CLANG_ENABLE_OBJC_ARC = YES;
				CLANG_ENABLE_OBJC_WEAK = YES;
				CLANG_WARN_BLOCK_CAPTURE_AUTORELEASING = YES;
				CLANG_WARN_BOOL_CONVERSION = YES;
				CLANG_WARN_COMMA = YES;
				CLANG_WARN_CONSTANT_CONVERSION = YES;
				CLANG_WARN_DEPRECATED_OBJC_IMPLEMENTATIONS = YES;
				CLANG_WARN_DIRECT_OBJC_ISA_USAGE = YES_ERROR;
				CLANG_WARN_DOCUMENTATION_COMMENTS = YES;
				CLANG_WARN_EMPTY_BODY = YES;
				CLANG_WARN_ENUM_CONVERSION = YES;
				CLANG_WARN_INFINITE_RECURSION = YES;
				CLANG_WARN_INT_CONVERSION = YES;
				CLANG_WARN_NON_LITERAL_NULL_CONVERSION = YES;
				CLANG_WARN_OBJC_IMPLICIT_RETAIN_SELF = YES;
				CLANG_WARN_OBJC_LITERAL_CONVERSION = YES;
				CLANG_WARN_OBJC_ROOT_CLASS = YES_ERROR;
				CLANG_WARN_QUOTED_INCLUDE_IN_FRAMEWORK_HEADER = YES;
				CLANG_WARN_RANGE_LOOP_ANALYSIS = YES;
				CLANG_WARN_STRICT_PROTOTYPES = YES;
				CLANG_WARN_SUSPICIOUS_MOVE = YES;
				CLANG_WARN_UNGUARDED_AVAILABILITY = YES_AGGRESSIVE;
				CLANG_WARN_UNREACHABLE_CODE = YES;
				CLANG_WARN__DUPLICATE_METHOD_MATCH = YES;
				COPY_PHASE_STRIP = NO;
				DEBUG_INFORMATION_FORMAT = dwarf;
				ENABLE_STRICT_OBJC_MSGSEND = YES;
				ENABLE_TESTABILITY = YES;
				GCC_C_LANGUAGE_STANDARD = gnu11;
				GCC_DYNAMIC_NO_PIC = NO;
				GCC_NO_COMMON_BLOCKS = YES;
				GCC_OPTIMIZATION_LEVEL = 0;
				GCC_PREPROCESSOR_DEFINITIONS = (
					"DEBUG=1",
					"$(inherited)",
				);
				GCC_WARN_64_TO_32_BIT_CONVERSION = YES;
				GCC_WARN_ABOUT_RETURN_TYPE = YES_ERROR;
				GCC_WARN_UNDECLARED_SELECTOR = YES;
				GCC_WARN_UNINITIALIZED_AUTOS = YES_AGGRESSIVE;
				GCC_WARN_UNUSED_FUNCTION = YES;
				GCC_WARN_UNUSED_VARIABLE = YES;
				IPHONEOS_DEPLOYMENT_TARGET = 11.0;
				MTL_ENABLE_DEBUG_INFO = INCLUDE_SOURCE;
				MTL_FAST_MATH = YES;
				ONLY_ACTIVE_ARCH = YES;
				SDKROOT = iphoneos;
				SWIFT_ACTIVE_COMPILATION_CONDITIONS = DEBUG;
				SWIFT_OPTIMIZATION_LEVEL = "-Onone";
			};
			name = Debug;
		};
		22FA03E929B09B8C0077CC2E /* Release */ = {
			isa = XCBuildConfiguration;
			buildSettings = {
				ALWAYS_SEARCH_USER_PATHS = NO;
				CLANG_ANALYZER_NONNULL = YES;
				CLANG_ANALYZER_NUMBER_OBJECT_CONVERSION = YES_AGGRESSIVE;
				CLANG_CXX_LANGUAGE_STANDARD = "gnu++20";
				CLANG_ENABLE_MODULES = YES;
				CLANG_ENABLE_OBJC_ARC = YES;
				CLANG_ENABLE_OBJC_WEAK = YES;
				CLANG_WARN_BLOCK_CAPTURE_AUTORELEASING = YES;
				CLANG_WARN_BOOL_CONVERSION = YES;
				CLANG_WARN_COMMA = YES;
				CLANG_WARN_CONSTANT_CONVERSION = YES;
				CLANG_WARN_DEPRECATED_OBJC_IMPLEMENTATIONS = YES;
				CLANG_WARN_DIRECT_OBJC_ISA_USAGE = YES_ERROR;
				CLANG_WARN_DOCUMENTATION_COMMENTS = YES;
				CLANG_WARN_EMPTY_BODY = YES;
				CLANG_WARN_ENUM_CONVERSION = YES;
				CLANG_WARN_INFINITE_RECURSION = YES;
				CLANG_WARN_INT_CONVERSION = YES;
				CLANG_WARN_NON_LITERAL_NULL_CONVERSION = YES;
				CLANG_WARN_OBJC_IMPLICIT_RETAIN_SELF = YES;
				CLANG_WARN_OBJC_LITERAL_CONVERSION = YES;
				CLANG_WARN_OBJC_ROOT_CLASS = YES_ERROR;
				CLANG_WARN_QUOTED_INCLUDE_IN_FRAMEWORK_HEADER = YES;
				CLANG_WARN_RANGE_LOOP_ANALYSIS = YES;
				CLANG_WARN_STRICT_PROTOTYPES = YES;
				CLANG_WARN_SUSPICIOUS_MOVE = YES;
				CLANG_WARN_UNGUARDED_AVAILABILITY = YES_AGGRESSIVE;
				CLANG_WARN_UNREACHABLE_CODE = YES;
				CLANG_WARN__DUPLICATE_METHOD_MATCH = YES;
				COPY_PHASE_STRIP = NO;
				DEBUG_INFORMATION_FORMAT = "dwarf-with-dsym";
				ENABLE_NS_ASSERTIONS = NO;
				ENABLE_STRICT_OBJC_MSGSEND = YES;
				GCC_C_LANGUAGE_STANDARD = gnu11;
				GCC_NO_COMMON_BLOCKS = YES;
				GCC_WARN_64_TO_32_BIT_CONVERSION = YES;
				GCC_WARN_ABOUT_RETURN_TYPE = YES_ERROR;
				GCC_WARN_UNDECLARED_SELECTOR = YES;
				GCC_WARN_UNINITIALIZED_AUTOS = YES_AGGRESSIVE;
				GCC_WARN_UNUSED_FUNCTION = YES;
				GCC_WARN_UNUSED_VARIABLE = YES;
				IPHONEOS_DEPLOYMENT_TARGET = 11.0;
				MTL_ENABLE_DEBUG_INFO = NO;
				MTL_FAST_MATH = YES;
				SDKROOT = iphoneos;
				SWIFT_COMPILATION_MODE = wholemodule;
				SWIFT_OPTIMIZATION_LEVEL = "-O";
				VALIDATE_PRODUCT = YES;
			};
			name = Release;
		};
		22FA03EB29B09B8C0077CC2E /* Debug */ = {
			isa = XCBuildConfiguration;
			baseConfigurationReference = BE4315200485828B59B8A1C9 /* Pods-design patterns swift.debug.xcconfig */;
			buildSettings = {
				ASSETCATALOG_COMPILER_APPICON_NAME = AppIcon;
				ASSETCATALOG_COMPILER_GLOBAL_ACCENT_COLOR_NAME = AccentColor;
				CODE_SIGN_STYLE = Automatic;
				CURRENT_PROJECT_VERSION = 1;
				DEVELOPMENT_TEAM = GZ86AFRF74;
				GENERATE_INFOPLIST_FILE = YES;
				INFOPLIST_FILE = "design patterns swift/Info.plist";
				INFOPLIST_KEY_CFBundleDisplayName = "Zhokha DS";
				INFOPLIST_KEY_UIApplicationSupportsIndirectInputEvents = YES;
				INFOPLIST_KEY_UILaunchStoryboardName = LaunchScreen;
				INFOPLIST_KEY_UIMainStoryboardFile = "";
				INFOPLIST_KEY_UIStatusBarStyle = "";
				INFOPLIST_KEY_UISupportedInterfaceOrientations = UIInterfaceOrientationPortrait;
				INFOPLIST_KEY_UISupportedInterfaceOrientations_iPad = "UIInterfaceOrientationLandscapeLeft UIInterfaceOrientationLandscapeRight UIInterfaceOrientationPortrait UIInterfaceOrientationPortraitUpsideDown";
				IPHONEOS_DEPLOYMENT_TARGET = 11.0;
				LD_RUNPATH_SEARCH_PATHS = (
					"$(inherited)",
					"@executable_path/Frameworks",
				);
				MARKETING_VERSION = 1.0;
				PRODUCT_BUNDLE_IDENTIFIER = "tairov.design-patterns-swift";
				PRODUCT_NAME = "$(TARGET_NAME)";
				SUPPORTED_PLATFORMS = "iphoneos iphonesimulator";
				SUPPORTS_MACCATALYST = NO;
				SUPPORTS_MAC_DESIGNED_FOR_IPHONE_IPAD = NO;
				SWIFT_EMIT_LOC_STRINGS = YES;
				SWIFT_VERSION = 5.0;
				TARGETED_DEVICE_FAMILY = 1;
			};
			name = Debug;
		};
		22FA03EC29B09B8C0077CC2E /* Release */ = {
			isa = XCBuildConfiguration;
			baseConfigurationReference = 1CA4557EB4A18593F3671D8B /* Pods-design patterns swift.release.xcconfig */;
			buildSettings = {
				ASSETCATALOG_COMPILER_APPICON_NAME = AppIcon;
				ASSETCATALOG_COMPILER_GLOBAL_ACCENT_COLOR_NAME = AccentColor;
				CODE_SIGN_STYLE = Automatic;
				CURRENT_PROJECT_VERSION = 1;
				DEVELOPMENT_TEAM = GZ86AFRF74;
				GENERATE_INFOPLIST_FILE = YES;
				INFOPLIST_FILE = "design patterns swift/Info.plist";
				INFOPLIST_KEY_CFBundleDisplayName = "Zhokha DS";
				INFOPLIST_KEY_UIApplicationSupportsIndirectInputEvents = YES;
				INFOPLIST_KEY_UILaunchStoryboardName = LaunchScreen;
				INFOPLIST_KEY_UIMainStoryboardFile = "";
				INFOPLIST_KEY_UIStatusBarStyle = "";
				INFOPLIST_KEY_UISupportedInterfaceOrientations = UIInterfaceOrientationPortrait;
				INFOPLIST_KEY_UISupportedInterfaceOrientations_iPad = "UIInterfaceOrientationLandscapeLeft UIInterfaceOrientationLandscapeRight UIInterfaceOrientationPortrait UIInterfaceOrientationPortraitUpsideDown";
				IPHONEOS_DEPLOYMENT_TARGET = 11.0;
				LD_RUNPATH_SEARCH_PATHS = (
					"$(inherited)",
					"@executable_path/Frameworks",
				);
				MARKETING_VERSION = 1.0;
				PRODUCT_BUNDLE_IDENTIFIER = "tairov.design-patterns-swift";
				PRODUCT_NAME = "$(TARGET_NAME)";
				SUPPORTED_PLATFORMS = "iphoneos iphonesimulator";
				SUPPORTS_MACCATALYST = NO;
				SUPPORTS_MAC_DESIGNED_FOR_IPHONE_IPAD = NO;
				SWIFT_EMIT_LOC_STRINGS = YES;
				SWIFT_VERSION = 5.0;
				TARGETED_DEVICE_FAMILY = 1;
			};
			name = Release;
		};
/* End XCBuildConfiguration section */

/* Begin XCConfigurationList section */
		22FA03D129B09B890077CC2E /* Build configuration list for PBXProject "design patterns swift" */ = {
			isa = XCConfigurationList;
			buildConfigurations = (
				22FA03E829B09B8C0077CC2E /* Debug */,
				22FA03E929B09B8C0077CC2E /* Release */,
			);
			defaultConfigurationIsVisible = 0;
			defaultConfigurationName = Release;
		};
		22FA03EA29B09B8C0077CC2E /* Build configuration list for PBXNativeTarget "design patterns swift" */ = {
			isa = XCConfigurationList;
			buildConfigurations = (
				22FA03EB29B09B8C0077CC2E /* Debug */,
				22FA03EC29B09B8C0077CC2E /* Release */,
			);
			defaultConfigurationIsVisible = 0;
			defaultConfigurationName = Release;
		};
/* End XCConfigurationList section */
	};
	rootObject = 22FA03CE29B09B890077CC2E /* Project object */;
}
